// !$*UTF8*$!
{
	archiveVersion = 1;
	classes = {
	};
	objectVersion = 46;
	objects = {

/* Begin PBXBuildFile section */
		056D7BDE1961ADD800061527 /* Foundation.framework in Frameworks */ = {isa = PBXBuildFile; fileRef = 056D7BDD1961ADD800061527 /* Foundation.framework */; };
		056D7BE01961ADD800061527 /* CoreGraphics.framework in Frameworks */ = {isa = PBXBuildFile; fileRef = 056D7BDF1961ADD800061527 /* CoreGraphics.framework */; };
		056D7BE21961ADD800061527 /* UIKit.framework in Frameworks */ = {isa = PBXBuildFile; fileRef = 056D7BE11961ADD800061527 /* UIKit.framework */; };
		056D7BE81961ADD800061527 /* InfoPlist.strings in Resources */ = {isa = PBXBuildFile; fileRef = 056D7BE61961ADD800061527 /* InfoPlist.strings */; };
		056D7BEA1961ADD800061527 /* main.m in Sources */ = {isa = PBXBuildFile; fileRef = 056D7BE91961ADD800061527 /* main.m */; };
		056D7BEE1961ADD800061527 /* CHAppDelegate.m in Sources */ = {isa = PBXBuildFile; fileRef = 056D7BED1961ADD800061527 /* CHAppDelegate.m */; };
		056D7BF11961ADD800061527 /* Main_iPhone.storyboard in Resources */ = {isa = PBXBuildFile; fileRef = 056D7BEF1961ADD800061527 /* Main_iPhone.storyboard */; };
		056D7BF41961ADD800061527 /* Main_iPad.storyboard in Resources */ = {isa = PBXBuildFile; fileRef = 056D7BF21961ADD800061527 /* Main_iPad.storyboard */; };
		056D7BF71961ADD800061527 /* CHViewController.m in Sources */ = {isa = PBXBuildFile; fileRef = 056D7BF61961ADD800061527 /* CHViewController.m */; };
		056D7BF91961ADD800061527 /* Images.xcassets in Resources */ = {isa = PBXBuildFile; fileRef = 056D7BF81961ADD800061527 /* Images.xcassets */; };
		056D7C001961ADD800061527 /* XCTest.framework in Frameworks */ = {isa = PBXBuildFile; fileRef = 056D7BFF1961ADD800061527 /* XCTest.framework */; };
		056D7C011961ADD800061527 /* Foundation.framework in Frameworks */ = {isa = PBXBuildFile; fileRef = 056D7BDD1961ADD800061527 /* Foundation.framework */; };
		056D7C021961ADD800061527 /* UIKit.framework in Frameworks */ = {isa = PBXBuildFile; fileRef = 056D7BE11961ADD800061527 /* UIKit.framework */; };
		056D7C0A1961ADD800061527 /* InfoPlist.strings in Resources */ = {isa = PBXBuildFile; fileRef = 056D7C081961ADD800061527 /* InfoPlist.strings */; };
		056D7C0C1961ADD800061527 /* CHCheckInAppTests.m in Sources */ = {isa = PBXBuildFile; fileRef = 056D7C0B1961ADD800061527 /* CHCheckInAppTests.m */; };
		05E0B8771962F2E30076CDC6 /* CHLoginView.m in Sources */ = {isa = PBXBuildFile; fileRef = 05E0B8751962F2E30076CDC6 /* CHLoginView.m */; };
		05E0B8781962F2E30076CDC6 /* CHLoginView.xib in Resources */ = {isa = PBXBuildFile; fileRef = 05E0B8761962F2E30076CDC6 /* CHLoginView.xib */; };
/* End PBXBuildFile section */

/* Begin PBXContainerItemProxy section */
		056D7C031961ADD800061527 /* PBXContainerItemProxy */ = {
			isa = PBXContainerItemProxy;
			containerPortal = 056D7BD21961ADD700061527 /* Project object */;
			proxyType = 1;
			remoteGlobalIDString = 056D7BD91961ADD700061527;
			remoteInfo = CHCheckInApp;
		};
/* End PBXContainerItemProxy section */

/* Begin PBXFileReference section */
		056D7BDA1961ADD800061527 /* CHCheckInApp.app */ = {isa = PBXFileReference; explicitFileType = wrapper.application; includeInIndex = 0; path = CHCheckInApp.app; sourceTree = BUILT_PRODUCTS_DIR; };
		056D7BDD1961ADD800061527 /* Foundation.framework */ = {isa = PBXFileReference; lastKnownFileType = wrapper.framework; name = Foundation.framework; path = System/Library/Frameworks/Foundation.framework; sourceTree = SDKROOT; };
		056D7BDF1961ADD800061527 /* CoreGraphics.framework */ = {isa = PBXFileReference; lastKnownFileType = wrapper.framework; name = CoreGraphics.framework; path = System/Library/Frameworks/CoreGraphics.framework; sourceTree = SDKROOT; };
		056D7BE11961ADD800061527 /* UIKit.framework */ = {isa = PBXFileReference; lastKnownFileType = wrapper.framework; name = UIKit.framework; path = System/Library/Frameworks/UIKit.framework; sourceTree = SDKROOT; };
		056D7BE51961ADD800061527 /* CHCheckInApp-Info.plist */ = {isa = PBXFileReference; lastKnownFileType = text.plist.xml; path = "CHCheckInApp-Info.plist"; sourceTree = "<group>"; };
		056D7BE71961ADD800061527 /* en */ = {isa = PBXFileReference; lastKnownFileType = text.plist.strings; name = en; path = en.lproj/InfoPlist.strings; sourceTree = "<group>"; };
		056D7BE91961ADD800061527 /* main.m */ = {isa = PBXFileReference; lastKnownFileType = sourcecode.c.objc; path = main.m; sourceTree = "<group>"; };
		056D7BEB1961ADD800061527 /* CHCheckInApp-Prefix.pch */ = {isa = PBXFileReference; lastKnownFileType = sourcecode.c.h; path = "CHCheckInApp-Prefix.pch"; sourceTree = "<group>"; };
		056D7BEC1961ADD800061527 /* CHAppDelegate.h */ = {isa = PBXFileReference; lastKnownFileType = sourcecode.c.h; path = CHAppDelegate.h; sourceTree = "<group>"; };
		056D7BED1961ADD800061527 /* CHAppDelegate.m */ = {isa = PBXFileReference; lastKnownFileType = sourcecode.c.objc; path = CHAppDelegate.m; sourceTree = "<group>"; };
		056D7BF01961ADD800061527 /* Base */ = {isa = PBXFileReference; lastKnownFileType = file.storyboard; name = Base; path = Base.lproj/Main_iPhone.storyboard; sourceTree = "<group>"; };
		056D7BF31961ADD800061527 /* Base */ = {isa = PBXFileReference; lastKnownFileType = file.storyboard; name = Base; path = Base.lproj/Main_iPad.storyboard; sourceTree = "<group>"; };
		056D7BF51961ADD800061527 /* CHViewController.h */ = {isa = PBXFileReference; lastKnownFileType = sourcecode.c.h; path = CHViewController.h; sourceTree = "<group>"; };
		056D7BF61961ADD800061527 /* CHViewController.m */ = {isa = PBXFileReference; lastKnownFileType = sourcecode.c.objc; path = CHViewController.m; sourceTree = "<group>"; };
		056D7BF81961ADD800061527 /* Images.xcassets */ = {isa = PBXFileReference; lastKnownFileType = folder.assetcatalog; path = Images.xcassets; sourceTree = "<group>"; };
		056D7BFE1961ADD800061527 /* CHCheckInAppTests.xctest */ = {isa = PBXFileReference; explicitFileType = wrapper.cfbundle; includeInIndex = 0; path = CHCheckInAppTests.xctest; sourceTree = BUILT_PRODUCTS_DIR; };
		056D7BFF1961ADD800061527 /* XCTest.framework */ = {isa = PBXFileReference; lastKnownFileType = wrapper.framework; name = XCTest.framework; path = Library/Frameworks/XCTest.framework; sourceTree = DEVELOPER_DIR; };
		056D7C071961ADD800061527 /* CHCheckInAppTests-Info.plist */ = {isa = PBXFileReference; lastKnownFileType = text.plist.xml; path = "CHCheckInAppTests-Info.plist"; sourceTree = "<group>"; };
		056D7C091961ADD800061527 /* en */ = {isa = PBXFileReference; lastKnownFileType = text.plist.strings; name = en; path = en.lproj/InfoPlist.strings; sourceTree = "<group>"; };
		056D7C0B1961ADD800061527 /* CHCheckInAppTests.m */ = {isa = PBXFileReference; lastKnownFileType = sourcecode.c.objc; path = CHCheckInAppTests.m; sourceTree = "<group>"; };
		05E0B8741962F2E30076CDC6 /* CHLoginView.h */ = {isa = PBXFileReference; fileEncoding = 4; lastKnownFileType = sourcecode.c.h; path = CHLoginView.h; sourceTree = "<group>"; };
		05E0B8751962F2E30076CDC6 /* CHLoginView.m */ = {isa = PBXFileReference; fileEncoding = 4; lastKnownFileType = sourcecode.c.objc; path = CHLoginView.m; sourceTree = "<group>"; };
		05E0B8761962F2E30076CDC6 /* CHLoginView.xib */ = {isa = PBXFileReference; fileEncoding = 4; lastKnownFileType = file.xib; path = CHLoginView.xib; sourceTree = "<group>"; };
/* End PBXFileReference section */

/* Begin PBXFrameworksBuildPhase section */
		056D7BD71961ADD700061527 /* Frameworks */ = {
			isa = PBXFrameworksBuildPhase;
			buildActionMask = 2147483647;
			files = (
				056D7BE01961ADD800061527 /* CoreGraphics.framework in Frameworks */,
				056D7BE21961ADD800061527 /* UIKit.framework in Frameworks */,
				056D7BDE1961ADD800061527 /* Foundation.framework in Frameworks */,
			);
			runOnlyForDeploymentPostprocessing = 0;
		};
		056D7BFB1961ADD800061527 /* Frameworks */ = {
			isa = PBXFrameworksBuildPhase;
			buildActionMask = 2147483647;
			files = (
				056D7C001961ADD800061527 /* XCTest.framework in Frameworks */,
				056D7C021961ADD800061527 /* UIKit.framework in Frameworks */,
				056D7C011961ADD800061527 /* Foundation.framework in Frameworks */,
			);
			runOnlyForDeploymentPostprocessing = 0;
		};
/* End PBXFrameworksBuildPhase section */

/* Begin PBXGroup section */
		056D7BD11961ADD700061527 = {
			isa = PBXGroup;
			children = (
				056D7BE31961ADD800061527 /* CHCheckInApp */,
				056D7C051961ADD800061527 /* CHCheckInAppTests */,
				056D7BDC1961ADD800061527 /* Frameworks */,
				056D7BDB1961ADD800061527 /* Products */,
			);
			sourceTree = "<group>";
		};
		056D7BDB1961ADD800061527 /* Products */ = {
			isa = PBXGroup;
			children = (
				056D7BDA1961ADD800061527 /* CHCheckInApp.app */,
				056D7BFE1961ADD800061527 /* CHCheckInAppTests.xctest */,
			);
			name = Products;
			sourceTree = "<group>";
		};
		056D7BDC1961ADD800061527 /* Frameworks */ = {
			isa = PBXGroup;
			children = (
				056D7BDD1961ADD800061527 /* Foundation.framework */,
				056D7BDF1961ADD800061527 /* CoreGraphics.framework */,
				056D7BE11961ADD800061527 /* UIKit.framework */,
				056D7BFF1961ADD800061527 /* XCTest.framework */,
			);
			name = Frameworks;
			sourceTree = "<group>";
		};
		056D7BE31961ADD800061527 /* CHCheckInApp */ = {
			isa = PBXGroup;
			children = (
				056D7BEC1961ADD800061527 /* CHAppDelegate.h */,
				056D7BED1961ADD800061527 /* CHAppDelegate.m */,
				056D7BEF1961ADD800061527 /* Main_iPhone.storyboard */,
				056D7BF21961ADD800061527 /* Main_iPad.storyboard */,
				056D7BF51961ADD800061527 /* CHViewController.h */,
				056D7BF61961ADD800061527 /* CHViewController.m */,
				056D7BF81961ADD800061527 /* Images.xcassets */,
				056D7BE41961ADD800061527 /* Supporting Files */,
				05E0B8741962F2E30076CDC6 /* CHLoginView.h */,
				05E0B8751962F2E30076CDC6 /* CHLoginView.m */,
				05E0B8761962F2E30076CDC6 /* CHLoginView.xib */,
			);
			path = CHCheckInApp;
			sourceTree = "<group>";
		};
		056D7BE41961ADD800061527 /* Supporting Files */ = {
			isa = PBXGroup;
			children = (
				056D7BE51961ADD800061527 /* CHCheckInApp-Info.plist */,
				056D7BE61961ADD800061527 /* InfoPlist.strings */,
				056D7BE91961ADD800061527 /* main.m */,
				056D7BEB1961ADD800061527 /* CHCheckInApp-Prefix.pch */,
			);
			name = "Supporting Files";
			sourceTree = "<group>";
		};
		056D7C051961ADD800061527 /* CHCheckInAppTests */ = {
			isa = PBXGroup;
			children = (
				056D7C0B1961ADD800061527 /* CHCheckInAppTests.m */,
				056D7C061961ADD800061527 /* Supporting Files */,
			);
			path = CHCheckInAppTests;
			sourceTree = "<group>";
		};
		056D7C061961ADD800061527 /* Supporting Files */ = {
			isa = PBXGroup;
			children = (
				056D7C071961ADD800061527 /* CHCheckInAppTests-Info.plist */,
				056D7C081961ADD800061527 /* InfoPlist.strings */,
			);
			name = "Supporting Files";
			sourceTree = "<group>";
		};
/* End PBXGroup section */

/* Begin PBXNativeTarget section */
		056D7BD91961ADD700061527 /* CHCheckInApp */ = {
			isa = PBXNativeTarget;
			buildConfigurationList = 056D7C0F1961ADD800061527 /* Build configuration list for PBXNativeTarget "CHCheckInApp" */;
			buildPhases = (
				056D7BD61961ADD700061527 /* Sources */,
				056D7BD71961ADD700061527 /* Frameworks */,
				056D7BD81961ADD700061527 /* Resources */,
			);
			buildRules = (
			);
			dependencies = (
			);
			name = CHCheckInApp;
			productName = CHCheckInApp;
			productReference = 056D7BDA1961ADD800061527 /* CHCheckInApp.app */;
			productType = "com.apple.product-type.application";
		};
		056D7BFD1961ADD800061527 /* CHCheckInAppTests */ = {
			isa = PBXNativeTarget;
			buildConfigurationList = 056D7C121961ADD800061527 /* Build configuration list for PBXNativeTarget "CHCheckInAppTests" */;
			buildPhases = (
				056D7BFA1961ADD800061527 /* Sources */,
				056D7BFB1961ADD800061527 /* Frameworks */,
				056D7BFC1961ADD800061527 /* Resources */,
			);
			buildRules = (
			);
			dependencies = (
				056D7C041961ADD800061527 /* PBXTargetDependency */,
			);
			name = CHCheckInAppTests;
			productName = CHCheckInAppTests;
			productReference = 056D7BFE1961ADD800061527 /* CHCheckInAppTests.xctest */;
			productType = "com.apple.product-type.bundle.unit-test";
		};
/* End PBXNativeTarget section */

/* Begin PBXProject section */
		056D7BD21961ADD700061527 /* Project object */ = {
			isa = PBXProject;
			attributes = {
				CLASSPREFIX = CH;
				LastUpgradeCheck = 0510;
				ORGANIZATIONNAME = "hao chen";
				TargetAttributes = {
					056D7BFD1961ADD800061527 = {
						TestTargetID = 056D7BD91961ADD700061527;
					};
				};
			};
			buildConfigurationList = 056D7BD51961ADD700061527 /* Build configuration list for PBXProject "CHCheckInApp" */;
			compatibilityVersion = "Xcode 3.2";
			developmentRegion = English;
			hasScannedForEncodings = 0;
			knownRegions = (
				en,
				Base,
			);
			mainGroup = 056D7BD11961ADD700061527;
			productRefGroup = 056D7BDB1961ADD800061527 /* Products */;
			projectDirPath = "";
			projectRoot = "";
			targets = (
				056D7BD91961ADD700061527 /* CHCheckInApp */,
				056D7BFD1961ADD800061527 /* CHCheckInAppTests */,
			);
		};
/* End PBXProject section */

/* Begin PBXResourcesBuildPhase section */
		056D7BD81961ADD700061527 /* Resources */ = {
			isa = PBXResourcesBuildPhase;
			buildActionMask = 2147483647;
			files = (
				056D7BF41961ADD800061527 /* Main_iPad.storyboard in Resources */,
				056D7BF91961ADD800061527 /* Images.xcassets in Resources */,
				05E0B8781962F2E30076CDC6 /* CHLoginView.xib in Resources */,
				056D7BF11961ADD800061527 /* Main_iPhone.storyboard in Resources */,
				056D7BE81961ADD800061527 /* InfoPlist.strings in Resources */,
			);
			runOnlyForDeploymentPostprocessing = 0;
		};
		056D7BFC1961ADD800061527 /* Resources */ = {
			isa = PBXResourcesBuildPhase;
			buildActionMask = 2147483647;
			files = (
				056D7C0A1961ADD800061527 /* InfoPlist.strings in Resources */,
			);
			runOnlyForDeploymentPostprocessing = 0;
		};
/* End PBXResourcesBuildPhase section */

/* Begin PBXSourcesBuildPhase section */
		056D7BD61961ADD700061527 /* Sources */ = {
			isa = PBXSourcesBuildPhase;
			buildActionMask = 2147483647;
			files = (
				056D7BEA1961ADD800061527 /* main.m in Sources */,
				056D7BEE1961ADD800061527 /* CHAppDelegate.m in Sources */,
				056D7BF71961ADD800061527 /* CHViewController.m in Sources */,
				05E0B8771962F2E30076CDC6 /* CHLoginView.m in Sources */,
			);
			runOnlyForDeploymentPostprocessing = 0;
		};
		056D7BFA1961ADD800061527 /* Sources */ = {
			isa = PBXSourcesBuildPhase;
			buildActionMask = 2147483647;
			files = (
				056D7C0C1961ADD800061527 /* CHCheckInAppTests.m in Sources */,
			);
			runOnlyForDeploymentPostprocessing = 0;
		};
/* End PBXSourcesBuildPhase section */

/* Begin PBXTargetDependency section */
		056D7C041961ADD800061527 /* PBXTargetDependency */ = {
			isa = PBXTargetDependency;
			target = 056D7BD91961ADD700061527 /* CHCheckInApp */;
			targetProxy = 056D7C031961ADD800061527 /* PBXContainerItemProxy */;
		};
/* End PBXTargetDependency section */

/* Begin PBXVariantGroup section */
		056D7BE61961ADD800061527 /* InfoPlist.strings */ = {
			isa = PBXVariantGroup;
			children = (
				056D7BE71961ADD800061527 /* en */,
			);
			name = InfoPlist.strings;
			sourceTree = "<group>";
		};
		056D7BEF1961ADD800061527 /* Main_iPhone.storyboard */ = {
			isa = PBXVariantGroup;
			children = (
				056D7BF01961ADD800061527 /* Base */,
			);
			name = Main_iPhone.storyboard;
			sourceTree = "<group>";
		};
		056D7BF21961ADD800061527 /* Main_iPad.storyboard */ = {
			isa = PBXVariantGroup;
			children = (
				056D7BF31961ADD800061527 /* Base */,
			);
			name = Main_iPad.storyboard;
			sourceTree = "<group>";
		};
		056D7C081961ADD800061527 /* InfoPlist.strings */ = {
			isa = PBXVariantGroup;
			children = (
				056D7C091961ADD800061527 /* en */,
			);
			name = InfoPlist.strings;
			sourceTree = "<group>";
		};
/* End PBXVariantGroup section */

/* Begin XCBuildConfiguration section */
		056D7C0D1961ADD800061527 /* Debug */ = {
			isa = XCBuildConfiguration;
			buildSettings = {
				ALWAYS_SEARCH_USER_PATHS = NO;
				CLANG_CXX_LANGUAGE_STANDARD = "gnu++0x";
				CLANG_CXX_LIBRARY = "libc++";
				CLANG_ENABLE_MODULES = YES;
				CLANG_ENABLE_OBJC_ARC = YES;
				CLANG_WARN_BOOL_CONVERSION = YES;
				CLANG_WARN_CONSTANT_CONVERSION = YES;
				CLANG_WARN_DIRECT_OBJC_ISA_USAGE = YES_ERROR;
				CLANG_WARN_EMPTY_BODY = YES;
				CLANG_WARN_ENUM_CONVERSION = YES;
				CLANG_WARN_INT_CONVERSION = YES;
				CLANG_WARN_OBJC_ROOT_CLASS = YES_ERROR;
				CLANG_WARN__DUPLICATE_METHOD_MATCH = YES;
				"CODE_SIGN_IDENTITY[sdk=iphoneos*]" = "iPhone Developer";
				COPY_PHASE_STRIP = NO;
				GCC_C_LANGUAGE_STANDARD = gnu99;
				GCC_DYNAMIC_NO_PIC = NO;
				GCC_OPTIMIZATION_LEVEL = 0;
				GCC_PREPROCESSOR_DEFINITIONS = (
					"DEBUG=1",
					"$(inherited)",
				);
				GCC_SYMBOLS_PRIVATE_EXTERN = NO;
				GCC_WARN_64_TO_32_BIT_CONVERSION = YES;
				GCC_WARN_ABOUT_RETURN_TYPE = YES_ERROR;
				GCC_WARN_UNDECLARED_SELECTOR = YES;
				GCC_WARN_UNINITIALIZED_AUTOS = YES_AGGRESSIVE;
				GCC_WARN_UNUSED_FUNCTION = YES;
				GCC_WARN_UNUSED_VARIABLE = YES;
				IPHONEOS_DEPLOYMENT_TARGET = 7.1;
				ONLY_ACTIVE_ARCH = YES;
				SDKROOT = iphoneos;
				TARGETED_DEVICE_FAMILY = "1,2";
			};
			name = Debug;
		};
		056D7C0E1961ADD800061527 /* Release */ = {
			isa = XCBuildConfiguration;
			buildSettings = {
				ALWAYS_SEARCH_USER_PATHS = NO;
				CLANG_CXX_LANGUAGE_STANDARD = "gnu++0x";
				CLANG_CXX_LIBRARY = "libc++";
				CLANG_ENABLE_MODULES = YES;
				CLANG_ENABLE_OBJC_ARC = YES;
				CLANG_WARN_BOOL_CONVERSION = YES;
				CLANG_WARN_CONSTANT_CONVERSION = YES;
				CLANG_WARN_DIRECT_OBJC_ISA_USAGE = YES_ERROR;
				CLANG_WARN_EMPTY_BODY = YES;
				CLANG_WARN_ENUM_CONVERSION = YES;
				CLANG_WARN_INT_CONVERSION = YES;
				CLANG_WARN_OBJC_ROOT_CLASS = YES_ERROR;
				CLANG_WARN__DUPLICATE_METHOD_MATCH = YES;
				"CODE_SIGN_IDENTITY[sdk=iphoneos*]" = "iPhone Developer";
				COPY_PHASE_STRIP = YES;
				ENABLE_NS_ASSERTIONS = NO;
				GCC_C_LANGUAGE_STANDARD = gnu99;
				GCC_WARN_64_TO_32_BIT_CONVERSION = YES;
				GCC_WARN_ABOUT_RETURN_TYPE = YES_ERROR;
				GCC_WARN_UNDECLARED_SELECTOR = YES;
				GCC_WARN_UNINITIALIZED_AUTOS = YES_AGGRESSIVE;
				GCC_WARN_UNUSED_FUNCTION = YES;
				GCC_WARN_UNUSED_VARIABLE = YES;
				IPHONEOS_DEPLOYMENT_TARGET = 7.1;
				SDKROOT = iphoneos;
				TARGETED_DEVICE_FAMILY = "1,2";
				VALIDATE_PRODUCT = YES;
			};
			name = Release;
		};
		056D7C101961ADD800061527 /* Debug */ = {
			isa = XCBuildConfiguration;
			buildSettings = {
				ASSETCATALOG_COMPILER_APPICON_NAME = AppIcon;
				ASSETCATALOG_COMPILER_LAUNCHIMAGE_NAME = LaunchImage;
				GCC_PRECOMPILE_PREFIX_HEADER = YES;
				GCC_PREFIX_HEADER = "CHCheckInApp/CHCheckInApp-Prefix.pch";
				INFOPLIST_FILE = "CHCheckInApp/CHCheckInApp-Info.plist";
				PRODUCT_NAME = "$(TARGET_NAME)";
				TARGETED_DEVICE_FAMILY = 1;
				WRAPPER_EXTENSION = app;
			};
			name = Debug;
		};
		056D7C111961ADD800061527 /* Release */ = {
			isa = XCBuildConfiguration;
			buildSettings = {
				ASSETCATALOG_COMPILER_APPICON_NAME = AppIcon;
				ASSETCATALOG_COMPILER_LAUNCHIMAGE_NAME = LaunchImage;
				GCC_PRECOMPILE_PREFIX_HEADER = YES;
				GCC_PREFIX_HEADER = "CHCheckInApp/CHCheckInApp-Prefix.pch";
				INFOPLIST_FILE = "CHCheckInApp/CHCheckInApp-Info.plist";
				PRODUCT_NAME = "$(TARGET_NAME)";
				TARGETED_DEVICE_FAMILY = 1;
				WRAPPER_EXTENSION = app;
			};
			name = Release;
		};
		056D7C131961ADD800061527 /* Debug */ = {
			isa = XCBuildConfiguration;
			buildSettings = {
				BUNDLE_LOADER = "$(BUILT_PRODUCTS_DIR)/CHCheckInApp.app/CHCheckInApp";
				FRAMEWORK_SEARCH_PATHS = (
					"$(SDKROOT)/Developer/Library/Frameworks",
					"$(inherited)",
					"$(DEVELOPER_FRAMEWORKS_DIR)",
				);
				GCC_PRECOMPILE_PREFIX_HEADER = YES;
				GCC_PREFIX_HEADER = "CHCheckInApp/CHCheckInApp-Prefix.pch";
				GCC_PREPROCESSOR_DEFINITIONS = (
					"DEBUG=1",
					"$(inherited)",
				);
				INFOPLIST_FILE = "CHCheckInAppTests/CHCheckInAppTests-Info.plist";
				PRODUCT_NAME = "$(TARGET_NAME)";
				TEST_HOST = "$(BUNDLE_LOADER)";
				WRAPPER_EXTENSION = xctest;
			};
			name = Debug;
		};
		056D7C141961ADD800061527 /* Release */ = {
			isa = XCBuildConfiguration;
			buildSettings = {
				BUNDLE_LOADER = "$(BUILT_PRODUCTS_DIR)/CHCheckInApp.app/CHCheckInApp";
				FRAMEWORK_SEARCH_PATHS = (
					"$(SDKROOT)/Developer/Library/Frameworks",
					"$(inherited)",
					"$(DEVELOPER_FRAMEWORKS_DIR)",
				);
				GCC_PRECOMPILE_PREFIX_HEADER = YES;
				GCC_PREFIX_HEADER = "CHCheckInApp/CHCheckInApp-Prefix.pch";
				INFOPLIST_FILE = "CHCheckInAppTests/CHCheckInAppTests-Info.plist";
				PRODUCT_NAME = "$(TARGET_NAME)";
				TEST_HOST = "$(BUNDLE_LOADER)";
				WRAPPER_EXTENSION = xctest;
			};
			name = Release;
		};
/* End XCBuildConfiguration section */

/* Begin XCConfigurationList section */
		056D7BD51961ADD700061527 /* Build configuration list for PBXProject "CHCheckInApp" */ = {
			isa = XCConfigurationList;
			buildConfigurations = (
				056D7C0D1961ADD800061527 /* Debug */,
				056D7C0E1961ADD800061527 /* Release */,
			);
			defaultConfigurationIsVisible = 0;
			defaultConfigurationName = Release;
		};
		056D7C0F1961ADD800061527 /* Build configuration list for PBXNativeTarget "CHCheckInApp" */ = {
			isa = XCConfigurationList;
			buildConfigurations = (
				056D7C101961ADD800061527 /* Debug */,
				056D7C111961ADD800061527 /* Release */,
			);
			defaultConfigurationIsVisible = 0;
			defaultConfigurationName = Release;
		};
		056D7C121961ADD800061527 /* Build configuration list for PBXNativeTarget "CHCheckInAppTests" */ = {
			isa = XCConfigurationList;
			buildConfigurations = (
				056D7C131961ADD800061527 /* Debug */,
				056D7C141961ADD800061527 /* Release */,
			);
			defaultConfigurationIsVisible = 0;
			defaultConfigurationName = Release;
		};
/* End XCConfigurationList section */
	};
	rootObject = 056D7BD21961ADD700061527 /* Project object */;
}
